
Microsoft Visual Studio Solution File, Format Version 12.00
# Visual Studio 16
Project("{FAE04EC0-301F-11D3-BF4B-00C04F79EFBC}") = "Assembly-CSharp", "Assembly-CSharp.csproj", "{A736BF5F-658E-9A4A-5045-89856C25AFF4}"
EndProject
Project("{FAE04EC0-301F-11D3-BF4B-00C04F79EFBC}") = "Assembly-CSharp-Editor", "Assembly-CSharp-Editor.csproj", "{C64B6416-2A0E-8E79-8BC8-5EA36A3DF133}"
EndProject
Global
	GlobalSection(SolutionConfigurationPlatforms) = preSolution
		Debug|Any CPU = Debug|Any CPU
		Release|Any CPU = Release|Any CPU
	EndGlobalSection
	GlobalSection(ProjectConfigurationPlatforms) = postSolution
		{A736BF5F-658E-9A4A-5045-89856C25AFF4}.Debug|Any CPU.ActiveCfg = Debug|Any CPU
		{A736BF5F-658E-9A4A-5045-89856C25AFF4}.Debug|Any CPU.Build.0 = Debug|Any CPU
		{A736BF5F-658E-9A4A-5045-89856C25AFF4}.Release|Any CPU.ActiveCfg = Release|Any CPU
		{A736BF5F-658E-9A4A-5045-89856C25AFF4}.Release|Any CPU.Build.0 = Release|Any CPU
		{C64B6416-2A0E-8E79-8BC8-5EA36A3DF133}.Debug|Any CPU.ActiveCfg = Debug|Any CPU
		{C64B6416-2A0E-8E79-8BC8-5EA36A3DF133}.Debug|Any CPU.Build.0 = Debug|Any CPU
		{C64B6416-2A0E-8E79-8BC8-5EA36A3DF133}.Release|Any CPU.ActiveCfg = Release|Any CPU
		{C64B6416-2A0E-8E79-8BC8-5EA36A3DF133}.Release|Any CPU.Build.0 = Release|Any CPU
	EndGlobalSection
	GlobalSection(SolutionProperties) = preSolution
		HideSolutionNode = FALSE
	EndGlobalSection
EndGlobal
